
Microsoft Visual Studio Solution File, Format Version 12.00
# Visual Studio 15
VisualStudioVersion = 15.0.28307.572
MinimumVisualStudioVersion = 10.0.40219.1
Project("{FAE04EC0-301F-11D3-BF4B-00C04F79EFBC}") = "AccordionXamarin.Android", "AccordionXamarin\AccordionXamarin.Android\AccordionXamarin.Android.csproj", "{468D6112-8C76-46AB-9050-836FFB780659}"
EndProject
Project("{FAE04EC0-301F-11D3-BF4B-00C04F79EFBC}") = "AccordionXamarin.iOS", "AccordionXamarin\AccordionXamarin.iOS\AccordionXamarin.iOS.csproj", "{82CFDFA7-DC7B-471F-96D6-EA5093B542FB}"
EndProject
Project("{FAE04EC0-301F-11D3-BF4B-00C04F79EFBC}") = "AccordionXamarin.UWP", "AccordionXamarin\AccordionXamarin.UWP\AccordionXamarin.UWP.csproj", "{575E3D9B-6AB9-40A3-A6A8-489DCFD01A2A}"
EndProject
Project("{FAE04EC0-301F-11D3-BF4B-00C04F79EFBC}") = "AccordionXamarin", "AccordionXamarin\AccordionXamarin\AccordionXamarin.csproj", "{461DE6C6-4945-40CD-A187-4532E996AB90}"
EndProject
Global
	GlobalSection(SolutionConfigurationPlatforms) = preSolution
		Ad-Hoc|Any CPU = Ad-Hoc|Any CPU
		Ad-Hoc|ARM = Ad-Hoc|ARM
		Ad-Hoc|iPhone = Ad-Hoc|iPhone
		Ad-Hoc|iPhoneSimulator = Ad-Hoc|iPhoneSimulator
		Ad-Hoc|x64 = Ad-Hoc|x64
		Ad-Hoc|x86 = Ad-Hoc|x86
		AppStore|Any CPU = AppStore|Any CPU
		AppStore|ARM = AppStore|ARM
		AppStore|iPhone = AppStore|iPhone
		AppStore|iPhoneSimulator = AppStore|iPhoneSimulator
		AppStore|x64 = AppStore|x64
		AppStore|x86 = AppStore|x86
		Debug|Any CPU = Debug|Any CPU
		Debug|ARM = Debug|ARM
		Debug|iPhone = Debug|iPhone
		Debug|iPhoneSimulator = Debug|iPhoneSimulator
		Debug|x64 = Debug|x64
		Debug|x86 = Debug|x86
		Release|Any CPU = Release|Any CPU
		Release|ARM = Release|ARM
		Release|iPhone = Release|iPhone
		Release|iPhoneSimulator = Release|iPhoneSimulator
		Release|x64 = Release|x64
		Release|x86 = Release|x86
	EndGlobalSection
	GlobalSection(ProjectConfigurationPlatforms) = postSolution
		{468D6112-8C76-46AB-9050-836FFB780659}.Ad-Hoc|Any CPU.ActiveCfg = Release|Any CPU
		{468D6112-8C76-46AB-9050-836FFB780659}.Ad-Hoc|Any CPU.Build.0 = Release|Any CPU
		{468D6112-8C76-46AB-9050-836FFB780659}.Ad-Hoc|Any CPU.Deploy.0 = Release|Any CPU
		{468D6112-8C76-46AB-9050-836FFB780659}.Ad-Hoc|ARM.ActiveCfg = Release|Any CPU
		{468D6112-8C76-46AB-9050-836FFB780659}.Ad-Hoc|ARM.Build.0 = Release|Any CPU
		{468D6112-8C76-46AB-9050-836FFB780659}.Ad-Hoc|ARM.Deploy.0 = Release|Any CPU
		{468D6112-8C76-46AB-9050-836FFB780659}.Ad-Hoc|iPhone.ActiveCfg = Release|Any CPU
		{468D6112-8C76-46AB-9050-836FFB780659}.Ad-Hoc|iPhone.Build.0 = Release|Any CPU
		{468D6112-8C76-46AB-9050-836FFB780659}.Ad-Hoc|iPhone.Deploy.0 = Release|Any CPU
		{468D6112-8C76-46AB-9050-836FFB780659}.Ad-Hoc|iPhoneSimulator.ActiveCfg = Release|Any CPU
		{468D6112-8C76-46AB-9050-836FFB780659}.Ad-Hoc|iPhoneSimulator.Build.0 = Release|Any CPU
		{468D6112-8C76-46AB-9050-836FFB780659}.Ad-Hoc|iPhoneSimulator.Deploy.0 = Release|Any CPU
		{468D6112-8C76-46AB-9050-836FFB780659}.Ad-Hoc|x64.ActiveCfg = Release|Any CPU
		{468D6112-8C76-46AB-9050-836FFB780659}.Ad-Hoc|x64.Build.0 = Release|Any CPU
		{468D6112-8C76-46AB-9050-836FFB780659}.Ad-Hoc|x64.Deploy.0 = Release|Any CPU
		{468D6112-8C76-46AB-9050-836FFB780659}.Ad-Hoc|x86.ActiveCfg = Release|Any CPU
		{468D6112-8C76-46AB-9050-836FFB780659}.Ad-Hoc|x86.Build.0 = Release|Any CPU
		{468D6112-8C76-46AB-9050-836FFB780659}.Ad-Hoc|x86.Deploy.0 = Release|Any CPU
		{468D6112-8C76-46AB-9050-836FFB780659}.AppStore|Any CPU.ActiveCfg = Release|Any CPU
		{468D6112-8C76-46AB-9050-836FFB780659}.AppStore|Any CPU.Build.0 = Release|Any CPU
		{468D6112-8C76-46AB-9050-836FFB780659}.AppStore|Any CPU.Deploy.0 = Release|Any CPU
		{468D6112-8C76-46AB-9050-836FFB780659}.AppStore|ARM.ActiveCfg = Release|Any CPU
		{468D6112-8C76-46AB-9050-836FFB780659}.AppStore|ARM.Build.0 = Release|Any CPU
		{468D6112-8C76-46AB-9050-836FFB780659}.AppStore|ARM.Deploy.0 = Release|Any CPU
		{468D6112-8C76-46AB-9050-836FFB780659}.AppStore|iPhone.ActiveCfg = Release|Any CPU
		{468D6112-8C76-46AB-9050-836FFB780659}.AppStore|iPhone.Build.0 = Release|Any CPU
		{468D6112-8C76-46AB-9050-836FFB780659}.AppStore|iPhone.Deploy.0 = Release|Any CPU
		{468D6112-8C76-46AB-9050-836FFB780659}.AppStore|iPhoneSimulator.ActiveCfg = Release|Any CPU
		{468D6112-8C76-46AB-9050-836FFB780659}.AppStore|iPhoneSimulator.Build.0 = Release|Any CPU
		{468D6112-8C76-46AB-9050-836FFB780659}.AppStore|iPhoneSimulator.Deploy.0 = Release|Any CPU
		{468D6112-8C76-46AB-9050-836FFB780659}.AppStore|x64.ActiveCfg = Release|Any CPU
		{468D6112-8C76-46AB-9050-836FFB780659}.AppStore|x64.Build.0 = Release|Any CPU
		{468D6112-8C76-46AB-9050-836FFB780659}.AppStore|x64.Deploy.0 = Release|Any CPU
		{468D6112-8C76-46AB-9050-836FFB780659}.AppStore|x86.ActiveCfg = Release|Any CPU
		{468D6112-8C76-46AB-9050-836FFB780659}.AppStore|x86.Build.0 = Release|Any CPU
		{468D6112-8C76-46AB-9050-836FFB780659}.AppStore|x86.Deploy.0 = Release|Any CPU
		{468D6112-8C76-46AB-9050-836FFB780659}.Debug|Any CPU.ActiveCfg = Debug|Any CPU
		{468D6112-8C76-46AB-9050-836FFB780659}.Debug|Any CPU.Build.0 = Debug|Any CPU
		{468D6112-8C76-46AB-9050-836FFB780659}.Debug|Any CPU.Deploy.0 = Debug|Any CPU
		{468D6112-8C76-46AB-9050-836FFB780659}.Debug|ARM.ActiveCfg = Debug|Any CPU
		{468D6112-8C76-46AB-9050-836FFB780659}.Debug|ARM.Build.0 = Debug|Any CPU
		{468D6112-8C76-46AB-9050-836FFB780659}.Debug|ARM.Deploy.0 = Debug|Any CPU
		{468D6112-8C76-46AB-9050-836FFB780659}.Debug|iPhone.ActiveCfg = Debug|Any CPU
		{468D6112-8C76-46AB-9050-836FFB780659}.Debug|iPhone.Build.0 = Debug|Any CPU
		{468D6112-8C76-46AB-9050-836FFB780659}.Debug|iPhone.Deploy.0 = Debug|Any CPU
		{468D6112-8C76-46AB-9050-836FFB780659}.Debug|iPhoneSimulator.ActiveCfg = Debug|Any CPU
		{468D6112-8C76-46AB-9050-836FFB780659}.Debug|iPhoneSimulator.Build.0 = Debug|Any CPU
		{468D6112-8C76-46AB-9050-836FFB780659}.Debug|iPhoneSimulator.Deploy.0 = Debug|Any CPU
		{468D6112-8C76-46AB-9050-836FFB780659}.Debug|x64.ActiveCfg = Debug|Any CPU
		{468D6112-8C76-46AB-9050-836FFB780659}.Debug|x64.Build.0 = Debug|Any CPU
		{468D6112-8C76-46AB-9050-836FFB780659}.Debug|x64.Deploy.0 = Debug|Any CPU
		{468D6112-8C76-46AB-9050-836FFB780659}.Debug|x86.ActiveCfg = Debug|Any CPU
		{468D6112-8C76-46AB-9050-836FFB780659}.Debug|x86.Build.0 = Debug|Any CPU
		{468D6112-8C76-46AB-9050-836FFB780659}.Debug|x86.Deploy.0 = Debug|Any CPU
		{468D6112-8C76-46AB-9050-836FFB780659}.Release|Any CPU.ActiveCfg = Release|Any CPU
		{468D6112-8C76-46AB-9050-836FFB780659}.Release|Any CPU.Build.0 = Release|Any CPU
		{468D6112-8C76-46AB-9050-836FFB780659}.Release|Any CPU.Deploy.0 = Release|Any CPU
		{468D6112-8C76-46AB-9050-836FFB780659}.Release|ARM.ActiveCfg = Release|Any CPU
		{468D6112-8C76-46AB-9050-836FFB780659}.Release|ARM.Build.0 = Release|Any CPU
		{468D6112-8C76-46AB-9050-836FFB780659}.Release|ARM.Deploy.0 = Release|Any CPU
		{468D6112-8C76-46AB-9050-836FFB780659}.Release|iPhone.ActiveCfg = Release|Any CPU
		{468D6112-8C76-46AB-9050-836FFB780659}.Release|iPhone.Build.0 = Release|Any CPU
		{468D6112-8C76-46AB-9050-836FFB780659}.Release|iPhone.Deploy.0 = Release|Any CPU
		{468D6112-8C76-46AB-9050-836FFB780659}.Release|iPhoneSimulator.ActiveCfg = Release|Any CPU
		{468D6112-8C76-46AB-9050-836FFB780659}.Release|iPhoneSimulator.Build.0 = Release|Any CPU
		{468D6112-8C76-46AB-9050-836FFB780659}.Release|iPhoneSimulator.Deploy.0 = Release|Any CPU
		{468D6112-8C76-46AB-9050-836FFB780659}.Release|x64.ActiveCfg = Release|Any CPU
		{468D6112-8C76-46AB-9050-836FFB780659}.Release|x64.Build.0 = Release|Any CPU
		{468D6112-8C76-46AB-9050-836FFB780659}.Release|x64.Deploy.0 = Release|Any CPU
		{468D6112-8C76-46AB-9050-836FFB780659}.Release|x86.ActiveCfg = Release|Any CPU
		{468D6112-8C76-46AB-9050-836FFB780659}.Release|x86.Build.0 = Release|Any CPU
		{468D6112-8C76-46AB-9050-836FFB780659}.Release|x86.Deploy.0 = Release|Any CPU
		{82CFDFA7-DC7B-471F-96D6-EA5093B542FB}.Ad-Hoc|Any CPU.ActiveCfg = Ad-Hoc|iPhone
		{82CFDFA7-DC7B-471F-96D6-EA5093B542FB}.Ad-Hoc|Any CPU.Build.0 = Ad-Hoc|iPhone
		{82CFDFA7-DC7B-471F-96D6-EA5093B542FB}.Ad-Hoc|Any CPU.Deploy.0 = Ad-Hoc|iPhone
		{82CFDFA7-DC7B-471F-96D6-EA5093B542FB}.Ad-Hoc|ARM.ActiveCfg = Ad-Hoc|iPhone
		{82CFDFA7-DC7B-471F-96D6-EA5093B542FB}.Ad-Hoc|ARM.Build.0 = Ad-Hoc|iPhone
		{82CFDFA7-DC7B-471F-96D6-EA5093B542FB}.Ad-Hoc|ARM.Deploy.0 = Ad-Hoc|iPhone
		{82CFDFA7-DC7B-471F-96D6-EA5093B542FB}.Ad-Hoc|iPhone.ActiveCfg = Ad-Hoc|iPhone
		{82CFDFA7-DC7B-471F-96D6-EA5093B542FB}.Ad-Hoc|iPhone.Build.0 = Ad-Hoc|iPhone
		{82CFDFA7-DC7B-471F-96D6-EA5093B542FB}.Ad-Hoc|iPhone.Deploy.0 = Ad-Hoc|iPhone
		{82CFDFA7-DC7B-471F-96D6-EA5093B542FB}.Ad-Hoc|iPhoneSimulator.ActiveCfg = Ad-Hoc|iPhoneSimulator
		{82CFDFA7-DC7B-471F-96D6-EA5093B542FB}.Ad-Hoc|iPhoneSimulator.Build.0 = Ad-Hoc|iPhoneSimulator
		{82CFDFA7-DC7B-471F-96D6-EA5093B542FB}.Ad-Hoc|iPhoneSimulator.Deploy.0 = Ad-Hoc|iPhoneSimulator
		{82CFDFA7-DC7B-471F-96D6-EA5093B542FB}.Ad-Hoc|x64.ActiveCfg = Ad-Hoc|iPhone
		{82CFDFA7-DC7B-471F-96D6-EA5093B542FB}.Ad-Hoc|x64.Build.0 = Ad-Hoc|iPhone
		{82CFDFA7-DC7B-471F-96D6-EA5093B542FB}.Ad-Hoc|x64.Deploy.0 = Ad-Hoc|iPhone
		{82CFDFA7-DC7B-471F-96D6-EA5093B542FB}.Ad-Hoc|x86.ActiveCfg = Ad-Hoc|iPhone
		{82CFDFA7-DC7B-471F-96D6-EA5093B542FB}.Ad-Hoc|x86.Build.0 = Ad-Hoc|iPhone
		{82CFDFA7-DC7B-471F-96D6-EA5093B542FB}.Ad-Hoc|x86.Deploy.0 = Ad-Hoc|iPhone
		{82CFDFA7-DC7B-471F-96D6-EA5093B542FB}.AppStore|Any CPU.ActiveCfg = AppStore|iPhone
		{82CFDFA7-DC7B-471F-96D6-EA5093B542FB}.AppStore|Any CPU.Build.0 = AppStore|iPhone
		{82CFDFA7-DC7B-471F-96D6-EA5093B542FB}.AppStore|Any CPU.Deploy.0 = AppStore|iPhone
		{82CFDFA7-DC7B-471F-96D6-EA5093B542FB}.AppStore|ARM.ActiveCfg = AppStore|iPhone
		{82CFDFA7-DC7B-471F-96D6-EA5093B542FB}.AppStore|ARM.Build.0 = AppStore|iPhone
		{82CFDFA7-DC7B-471F-96D6-EA5093B542FB}.AppStore|ARM.Deploy.0 = AppStore|iPhone
		{82CFDFA7-DC7B-471F-96D6-EA5093B542FB}.AppStore|iPhone.ActiveCfg = AppStore|iPhone
		{82CFDFA7-DC7B-471F-96D6-EA5093B542FB}.AppStore|iPhone.Build.0 = AppStore|iPhone
		{82CFDFA7-DC7B-471F-96D6-EA5093B542FB}.AppStore|iPhone.Deploy.0 = AppStore|iPhone
		{82CFDFA7-DC7B-471F-96D6-EA5093B542FB}.AppStore|iPhoneSimulator.ActiveCfg = AppStore|iPhoneSimulator
		{82CFDFA7-DC7B-471F-96D6-EA5093B542FB}.AppStore|iPhoneSimulator.Build.0 = AppStore|iPhoneSimulator
		{82CFDFA7-DC7B-471F-96D6-EA5093B542FB}.AppStore|iPhoneSimulator.Deploy.0 = AppStore|iPhoneSimulator
		{82CFDFA7-DC7B-471F-96D6-EA5093B542FB}.AppStore|x64.ActiveCfg = AppStore|iPhone
		{82CFDFA7-DC7B-471F-96D6-EA5093B542FB}.AppStore|x64.Build.0 = AppStore|iPhone
		{82CFDFA7-DC7B-471F-96D6-EA5093B542FB}.AppStore|x64.Deploy.0 = AppStore|iPhone
		{82CFDFA7-DC7B-471F-96D6-EA5093B542FB}.AppStore|x86.ActiveCfg = AppStore|iPhone
		{82CFDFA7-DC7B-471F-96D6-EA5093B542FB}.AppStore|x86.Build.0 = AppStore|iPhone
		{82CFDFA7-DC7B-471F-96D6-EA5093B542FB}.AppStore|x86.Deploy.0 = AppStore|iPhone
		{82CFDFA7-DC7B-471F-96D6-EA5093B542FB}.Debug|Any CPU.ActiveCfg = Debug|iPhoneSimulator
		{82CFDFA7-DC7B-471F-96D6-EA5093B542FB}.Debug|Any CPU.Build.0 = Debug|iPhoneSimulator
		{82CFDFA7-DC7B-471F-96D6-EA5093B542FB}.Debug|Any CPU.Deploy.0 = Debug|iPhoneSimulator
		{82CFDFA7-DC7B-471F-96D6-EA5093B542FB}.Debug|ARM.ActiveCfg = Debug|iPhone
		{82CFDFA7-DC7B-471F-96D6-EA5093B542FB}.Debug|ARM.Build.0 = Debug|iPhone
		{82CFDFA7-DC7B-471F-96D6-EA5093B542FB}.Debug|ARM.Deploy.0 = Debug|iPhone
		{82CFDFA7-DC7B-471F-96D6-EA5093B542FB}.Debug|iPhone.ActiveCfg = Debug|iPhone
		{82CFDFA7-DC7B-471F-96D6-EA5093B542FB}.Debug|iPhone.Build.0 = Debug|iPhone
		{82CFDFA7-DC7B-471F-96D6-EA5093B542FB}.Debug|iPhone.Deploy.0 = Debug|iPhone
		{82CFDFA7-DC7B-471F-96D6-EA5093B542FB}.Debug|iPhoneSimulator.ActiveCfg = Debug|iPhoneSimulator
		{82CFDFA7-DC7B-471F-96D6-EA5093B542FB}.Debug|iPhoneSimulator.Build.0 = Debug|iPhoneSimulator
		{82CFDFA7-DC7B-471F-96D6-EA5093B542FB}.Debug|iPhoneSimulator.Deploy.0 = Debug|iPhoneSimulator
		{82CFDFA7-DC7B-471F-96D6-EA5093B542FB}.Debug|x64.ActiveCfg = Debug|iPhone
		{82CFDFA7-DC7B-471F-96D6-EA5093B542FB}.Debug|x64.Build.0 = Debug|iPhone
		{82CFDFA7-DC7B-471F-96D6-EA5093B542FB}.Debug|x64.Deploy.0 = Debug|iPhone
		{82CFDFA7-DC7B-471F-96D6-EA5093B542FB}.Debug|x86.ActiveCfg = Debug|iPhone
		{82CFDFA7-DC7B-471F-96D6-EA5093B542FB}.Debug|x86.Build.0 = Debug|iPhone
		{82CFDFA7-DC7B-471F-96D6-EA5093B542FB}.Debug|x86.Deploy.0 = Debug|iPhone
		{82CFDFA7-DC7B-471F-96D6-EA5093B542FB}.Release|Any CPU.ActiveCfg = Release|iPhone
		{82CFDFA7-DC7B-471F-96D6-EA5093B542FB}.Release|Any CPU.Build.0 = Release|iPhone
		{82CFDFA7-DC7B-471F-96D6-EA5093B542FB}.Release|Any CPU.Deploy.0 = Release|iPhone
		{82CFDFA7-DC7B-471F-96D6-EA5093B542FB}.Release|ARM.ActiveCfg = Release|iPhone
		{82CFDFA7-DC7B-471F-96D6-EA5093B542FB}.Release|ARM.Build.0 = Release|iPhone
		{82CFDFA7-DC7B-471F-96D6-EA5093B542FB}.Release|ARM.Deploy.0 = Release|iPhone
		{82CFDFA7-DC7B-471F-96D6-EA5093B542FB}.Release|iPhone.ActiveCfg = Release|iPhone
		{82CFDFA7-DC7B-471F-96D6-EA5093B542FB}.Release|iPhone.Build.0 = Release|iPhone
		{82CFDFA7-DC7B-471F-96D6-EA5093B542FB}.Release|iPhone.Deploy.0 = Release|iPhone
		{82CFDFA7-DC7B-471F-96D6-EA5093B542FB}.Release|iPhoneSimulator.ActiveCfg = Release|iPhoneSimulator
		{82CFDFA7-DC7B-471F-96D6-EA5093B542FB}.Release|iPhoneSimulator.Build.0 = Release|iPhoneSimulator
		{82CFDFA7-DC7B-471F-96D6-EA5093B542FB}.Release|iPhoneSimulator.Deploy.0 = Release|iPhoneSimulator
		{82CFDFA7-DC7B-471F-96D6-EA5093B542FB}.Release|x64.ActiveCfg = Release|iPhone
		{82CFDFA7-DC7B-471F-96D6-EA5093B542FB}.Release|x64.Build.0 = Release|iPhone
		{82CFDFA7-DC7B-471F-96D6-EA5093B542FB}.Release|x64.Deploy.0 = Release|iPhone
		{82CFDFA7-DC7B-471F-96D6-EA5093B542FB}.Release|x86.ActiveCfg = Release|iPhone
		{82CFDFA7-DC7B-471F-96D6-EA5093B542FB}.Release|x86.Build.0 = Release|iPhone
		{82CFDFA7-DC7B-471F-96D6-EA5093B542FB}.Release|x86.Deploy.0 = Release|iPhone
		{575E3D9B-6AB9-40A3-A6A8-489DCFD01A2A}.Ad-Hoc|Any CPU.ActiveCfg = Release|x86
		{575E3D9B-6AB9-40A3-A6A8-489DCFD01A2A}.Ad-Hoc|Any CPU.Build.0 = Release|x86
		{575E3D9B-6AB9-40A3-A6A8-489DCFD01A2A}.Ad-Hoc|Any CPU.Deploy.0 = Release|x86
		{575E3D9B-6AB9-40A3-A6A8-489DCFD01A2A}.Ad-Hoc|ARM.ActiveCfg = Release|ARM
		{575E3D9B-6AB9-40A3-A6A8-489DCFD01A2A}.Ad-Hoc|ARM.Build.0 = Release|ARM
		{575E3D9B-6AB9-40A3-A6A8-489DCFD01A2A}.Ad-Hoc|ARM.Deploy.0 = Release|ARM
		{575E3D9B-6AB9-40A3-A6A8-489DCFD01A2A}.Ad-Hoc|iPhone.ActiveCfg = Release|x86
		{575E3D9B-6AB9-40A3-A6A8-489DCFD01A2A}.Ad-Hoc|iPhone.Build.0 = Release|x86
		{575E3D9B-6AB9-40A3-A6A8-489DCFD01A2A}.Ad-Hoc|iPhone.Deploy.0 = Release|x86
		{575E3D9B-6AB9-40A3-A6A8-489DCFD01A2A}.Ad-Hoc|iPhoneSimulator.ActiveCfg = Release|x86
		{575E3D9B-6AB9-40A3-A6A8-489DCFD01A2A}.Ad-Hoc|iPhoneSimulator.Build.0 = Release|x86
		{575E3D9B-6AB9-40A3-A6A8-489DCFD01A2A}.Ad-Hoc|iPhoneSimulator.Deploy.0 = Release|x86
		{575E3D9B-6AB9-40A3-A6A8-489DCFD01A2A}.Ad-Hoc|x64.ActiveCfg = Release|x64
		{575E3D9B-6AB9-40A3-A6A8-489DCFD01A2A}.Ad-Hoc|x64.Build.0 = Release|x64
		{575E3D9B-6AB9-40A3-A6A8-489DCFD01A2A}.Ad-Hoc|x64.Deploy.0 = Release|x64
		{575E3D9B-6AB9-40A3-A6A8-489DCFD01A2A}.Ad-Hoc|x86.ActiveCfg = Release|x86
		{575E3D9B-6AB9-40A3-A6A8-489DCFD01A2A}.Ad-Hoc|x86.Build.0 = Release|x86
		{575E3D9B-6AB9-40A3-A6A8-489DCFD01A2A}.Ad-Hoc|x86.Deploy.0 = Release|x86
		{575E3D9B-6AB9-40A3-A6A8-489DCFD01A2A}.AppStore|Any CPU.ActiveCfg = Release|x86
		{575E3D9B-6AB9-40A3-A6A8-489DCFD01A2A}.AppStore|Any CPU.Build.0 = Release|x86
		{575E3D9B-6AB9-40A3-A6A8-489DCFD01A2A}.AppStore|Any CPU.Deploy.0 = Release|x86
		{575E3D9B-6AB9-40A3-A6A8-489DCFD01A2A}.AppStore|ARM.ActiveCfg = Release|ARM
		{575E3D9B-6AB9-40A3-A6A8-489DCFD01A2A}.AppStore|ARM.Build.0 = Release|ARM
		{575E3D9B-6AB9-40A3-A6A8-489DCFD01A2A}.AppStore|ARM.Deploy.0 = Release|ARM
		{575E3D9B-6AB9-40A3-A6A8-489DCFD01A2A}.AppStore|iPhone.ActiveCfg = Release|x86
		{575E3D9B-6AB9-40A3-A6A8-489DCFD01A2A}.AppStore|iPhone.Build.0 = Release|x86
		{575E3D9B-6AB9-40A3-A6A8-489DCFD01A2A}.AppStore|iPhone.Deploy.0 = Release|x86
		{575E3D9B-6AB9-40A3-A6A8-489DCFD01A2A}.AppStore|iPhoneSimulator.ActiveCfg = Release|x86
		{575E3D9B-6AB9-40A3-A6A8-489DCFD01A2A}.AppStore|iPhoneSimulator.Build.0 = Release|x86
		{575E3D9B-6AB9-40A3-A6A8-489DCFD01A2A}.AppStore|iPhoneSimulator.Deploy.0 = Release|x86
		{575E3D9B-6AB9-40A3-A6A8-489DCFD01A2A}.AppStore|x64.ActiveCfg = Release|x64
		{575E3D9B-6AB9-40A3-A6A8-489DCFD01A2A}.AppStore|x64.Build.0 = Release|x64
		{575E3D9B-6AB9-40A3-A6A8-489DCFD01A2A}.AppStore|x64.Deploy.0 = Release|x64
		{575E3D9B-6AB9-40A3-A6A8-489DCFD01A2A}.AppStore|x86.ActiveCfg = Release|x86
		{575E3D9B-6AB9-40A3-A6A8-489DCFD01A2A}.AppStore|x86.Build.0 = Release|x86
		{575E3D9B-6AB9-40A3-A6A8-489DCFD01A2A}.AppStore|x86.Deploy.0 = Release|x86
		{575E3D9B-6AB9-40A3-A6A8-489DCFD01A2A}.Debug|Any CPU.ActiveCfg = Debug|x86
		{575E3D9B-6AB9-40A3-A6A8-489DCFD01A2A}.Debug|Any CPU.Build.0 = Debug|x86
		{575E3D9B-6AB9-40A3-A6A8-489DCFD01A2A}.Debug|Any CPU.Deploy.0 = Debug|x86
		{575E3D9B-6AB9-40A3-A6A8-489DCFD01A2A}.Debug|ARM.ActiveCfg = Debug|ARM
		{575E3D9B-6AB9-40A3-A6A8-489DCFD01A2A}.Debug|ARM.Build.0 = Debug|ARM
		{575E3D9B-6AB9-40A3-A6A8-489DCFD01A2A}.Debug|ARM.Deploy.0 = Debug|ARM
		{575E3D9B-6AB9-40A3-A6A8-489DCFD01A2A}.Debug|iPhone.ActiveCfg = Debug|x86
		{575E3D9B-6AB9-40A3-A6A8-489DCFD01A2A}.Debug|iPhone.Build.0 = Debug|x86
		{575E3D9B-6AB9-40A3-A6A8-489DCFD01A2A}.Debug|iPhone.Deploy.0 = Debug|x86
		{575E3D9B-6AB9-40A3-A6A8-489DCFD01A2A}.Debug|iPhoneSimulator.ActiveCfg = Debug|x86
		{575E3D9B-6AB9-40A3-A6A8-489DCFD01A2A}.Debug|iPhoneSimulator.Build.0 = Debug|x86
		{575E3D9B-6AB9-40A3-A6A8-489DCFD01A2A}.Debug|iPhoneSimulator.Deploy.0 = Debug|x86
		{575E3D9B-6AB9-40A3-A6A8-489DCFD01A2A}.Debug|x64.ActiveCfg = Debug|x64
		{575E3D9B-6AB9-40A3-A6A8-489DCFD01A2A}.Debug|x64.Build.0 = Debug|x64
		{575E3D9B-6AB9-40A3-A6A8-489DCFD01A2A}.Debug|x64.Deploy.0 = Debug|x64
		{575E3D9B-6AB9-40A3-A6A8-489DCFD01A2A}.Debug|x86.ActiveCfg = Debug|x86
		{575E3D9B-6AB9-40A3-A6A8-489DCFD01A2A}.Debug|x86.Build.0 = Debug|x86
		{575E3D9B-6AB9-40A3-A6A8-489DCFD01A2A}.Debug|x86.Deploy.0 = Debug|x86
		{575E3D9B-6AB9-40A3-A6A8-489DCFD01A2A}.Release|Any CPU.ActiveCfg = Release|x86
		{575E3D9B-6AB9-40A3-A6A8-489DCFD01A2A}.Release|Any CPU.Build.0 = Release|x86
		{575E3D9B-6AB9-40A3-A6A8-489DCFD01A2A}.Release|Any CPU.Deploy.0 = Release|x86
		{575E3D9B-6AB9-40A3-A6A8-489DCFD01A2A}.Release|ARM.ActiveCfg = Release|ARM
		{575E3D9B-6AB9-40A3-A6A8-489DCFD01A2A}.Release|ARM.Build.0 = Release|ARM
		{575E3D9B-6AB9-40A3-A6A8-489DCFD01A2A}.Release|ARM.Deploy.0 = Release|ARM
		{575E3D9B-6AB9-40A3-A6A8-489DCFD01A2A}.Release|iPhone.ActiveCfg = Release|x86
		{575E3D9B-6AB9-40A3-A6A8-489DCFD01A2A}.Release|iPhone.Build.0 = Release|x86
		{575E3D9B-6AB9-40A3-A6A8-489DCFD01A2A}.Release|iPhone.Deploy.0 = Release|x86
		{575E3D9B-6AB9-40A3-A6A8-489DCFD01A2A}.Release|iPhoneSimulator.ActiveCfg = Release|x86
		{575E3D9B-6AB9-40A3-A6A8-489DCFD01A2A}.Release|iPhoneSimulator.Build.0 = Release|x86
		{575E3D9B-6AB9-40A3-A6A8-489DCFD01A2A}.Release|iPhoneSimulator.Deploy.0 = Release|x86
		{575E3D9B-6AB9-40A3-A6A8-489DCFD01A2A}.Release|x64.ActiveCfg = Release|x64
		{575E3D9B-6AB9-40A3-A6A8-489DCFD01A2A}.Release|x64.Build.0 = Release|x64
		{575E3D9B-6AB9-40A3-A6A8-489DCFD01A2A}.Release|x64.Deploy.0 = Release|x64
		{575E3D9B-6AB9-40A3-A6A8-489DCFD01A2A}.Release|x86.ActiveCfg = Release|x86
		{575E3D9B-6AB9-40A3-A6A8-489DCFD01A2A}.Release|x86.Build.0 = Release|x86
		{575E3D9B-6AB9-40A3-A6A8-489DCFD01A2A}.Release|x86.Deploy.0 = Release|x86
		{461DE6C6-4945-40CD-A187-4532E996AB90}.Ad-Hoc|Any CPU.ActiveCfg = Debug|Any CPU
		{461DE6C6-4945-40CD-A187-4532E996AB90}.Ad-Hoc|Any CPU.Build.0 = Debug|Any CPU
		{461DE6C6-4945-40CD-A187-4532E996AB90}.Ad-Hoc|Any CPU.Deploy.0 = Debug|Any CPU
		{461DE6C6-4945-40CD-A187-4532E996AB90}.Ad-Hoc|ARM.ActiveCfg = Debug|Any CPU
		{461DE6C6-4945-40CD-A187-4532E996AB90}.Ad-Hoc|ARM.Build.0 = Debug|Any CPU
		{461DE6C6-4945-40CD-A187-4532E996AB90}.Ad-Hoc|ARM.Deploy.0 = Debug|Any CPU
		{461DE6C6-4945-40CD-A187-4532E996AB90}.Ad-Hoc|iPhone.ActiveCfg = Debug|Any CPU
		{461DE6C6-4945-40CD-A187-4532E996AB90}.Ad-Hoc|iPhone.Build.0 = Debug|Any CPU
		{461DE6C6-4945-40CD-A187-4532E996AB90}.Ad-Hoc|iPhone.Deploy.0 = Debug|Any CPU
		{461DE6C6-4945-40CD-A187-4532E996AB90}.Ad-Hoc|iPhoneSimulator.ActiveCfg = Debug|Any CPU
		{461DE6C6-4945-40CD-A187-4532E996AB90}.Ad-Hoc|iPhoneSimulator.Build.0 = Debug|Any CPU
		{461DE6C6-4945-40CD-A187-4532E996AB90}.Ad-Hoc|iPhoneSimulator.Deploy.0 = Debug|Any CPU
		{461DE6C6-4945-40CD-A187-4532E996AB90}.Ad-Hoc|x64.ActiveCfg = Debug|Any CPU
		{461DE6C6-4945-40CD-A187-4532E996AB90}.Ad-Hoc|x64.Build.0 = Debug|Any CPU
		{461DE6C6-4945-40CD-A187-4532E996AB90}.Ad-Hoc|x64.Deploy.0 = Debug|Any CPU
		{461DE6C6-4945-40CD-A187-4532E996AB90}.Ad-Hoc|x86.ActiveCfg = Debug|Any CPU
		{461DE6C6-4945-40CD-A187-4532E996AB90}.Ad-Hoc|x86.Build.0 = Debug|Any CPU
		{461DE6C6-4945-40CD-A187-4532E996AB90}.Ad-Hoc|x86.Deploy.0 = Debug|Any CPU
		{461DE6C6-4945-40CD-A187-4532E996AB90}.AppStore|Any CPU.ActiveCfg = Debug|Any CPU
		{461DE6C6-4945-40CD-A187-4532E996AB90}.AppStore|Any CPU.Build.0 = Debug|Any CPU
		{461DE6C6-4945-40CD-A187-4532E996AB90}.AppStore|Any CPU.Deploy.0 = Debug|Any CPU
		{461DE6C6-4945-40CD-A187-4532E996AB90}.AppStore|ARM.ActiveCfg = Debug|Any CPU
		{461DE6C6-4945-40CD-A187-4532E996AB90}.AppStore|ARM.Build.0 = Debug|Any CPU
		{461DE6C6-4945-40CD-A187-4532E996AB90}.AppStore|ARM.Deploy.0 = Debug|Any CPU
		{461DE6C6-4945-40CD-A187-4532E996AB90}.AppStore|iPhone.ActiveCfg = Debug|Any CPU
		{461DE6C6-4945-40CD-A187-4532E996AB90}.AppStore|iPhone.Build.0 = Debug|Any CPU
		{461DE6C6-4945-40CD-A187-4532E996AB90}.AppStore|iPhone.Deploy.0 = Debug|Any CPU
		{461DE6C6-4945-40CD-A187-4532E996AB90}.AppStore|iPhoneSimulator.ActiveCfg = Debug|Any CPU
		{461DE6C6-4945-40CD-A187-4532E996AB90}.AppStore|iPhoneSimulator.Build.0 = Debug|Any CPU
		{461DE6C6-4945-40CD-A187-4532E996AB90}.AppStore|iPhoneSimulator.Deploy.0 = Debug|Any CPU
		{461DE6C6-4945-40CD-A187-4532E996AB90}.AppStore|x64.ActiveCfg = Debug|Any CPU
		{461DE6C6-4945-40CD-A187-4532E996AB90}.AppStore|x64.Build.0 = Debug|Any CPU
		{461DE6C6-4945-40CD-A187-4532E996AB90}.AppStore|x64.Deploy.0 = Debug|Any CPU
		{461DE6C6-4945-40CD-A187-4532E996AB90}.AppStore|x86.ActiveCfg = Debug|Any CPU
		{461DE6C6-4945-40CD-A187-4532E996AB90}.AppStore|x86.Build.0 = Debug|Any CPU
		{461DE6C6-4945-40CD-A187-4532E996AB90}.AppStore|x86.Deploy.0 = Debug|Any CPU
		{461DE6C6-4945-40CD-A187-4532E996AB90}.Debug|Any CPU.ActiveCfg = Debug|Any CPU
		{461DE6C6-4945-40CD-A187-4532E996AB90}.Debug|Any CPU.Build.0 = Debug|Any CPU
		{461DE6C6-4945-40CD-A187-4532E996AB90}.Debug|Any CPU.Deploy.0 = Debug|Any CPU
		{461DE6C6-4945-40CD-A187-4532E996AB90}.Debug|ARM.ActiveCfg = Debug|Any CPU
		{461DE6C6-4945-40CD-A187-4532E996AB90}.Debug|ARM.Build.0 = Debug|Any CPU
		{461DE6C6-4945-40CD-A187-4532E996AB90}.Debug|ARM.Deploy.0 = Debug|Any CPU
		{461DE6C6-4945-40CD-A187-4532E996AB90}.Debug|iPhone.ActiveCfg = Debug|Any CPU
		{461DE6C6-4945-40CD-A187-4532E996AB90}.Debug|iPhone.Build.0 = Debug|Any CPU
		{461DE6C6-4945-40CD-A187-4532E996AB90}.Debug|iPhone.Deploy.0 = Debug|Any CPU
		{461DE6C6-4945-40CD-A187-4532E996AB90}.Debug|iPhoneSimulator.ActiveCfg = Debug|Any CPU
		{461DE6C6-4945-40CD-A187-4532E996AB90}.Debug|iPhoneSimulator.Build.0 = Debug|Any CPU
		{461DE6C6-4945-40CD-A187-4532E996AB90}.Debug|iPhoneSimulator.Deploy.0 = Debug|Any CPU
		{461DE6C6-4945-40CD-A187-4532E996AB90}.Debug|x64.ActiveCfg = Debug|Any CPU
		{461DE6C6-4945-40CD-A187-4532E996AB90}.Debug|x64.Build.0 = Debug|Any CPU
		{461DE6C6-4945-40CD-A187-4532E996AB90}.Debug|x64.Deploy.0 = Debug|Any CPU
		{461DE6C6-4945-40CD-A187-4532E996AB90}.Debug|x86.ActiveCfg = Debug|Any CPU
		{461DE6C6-4945-40CD-A187-4532E996AB90}.Debug|x86.Build.0 = Debug|Any CPU
		{461DE6C6-4945-40CD-A187-4532E996AB90}.Debug|x86.Deploy.0 = Debug|Any CPU
		{461DE6C6-4945-40CD-A187-4532E996AB90}.Release|Any CPU.ActiveCfg = Release|Any CPU
		{461DE6C6-4945-40CD-A187-4532E996AB90}.Release|Any CPU.Build.0 = Release|Any CPU
		{461DE6C6-4945-40CD-A187-4532E996AB90}.Release|Any CPU.Deploy.0 = Release|Any CPU
		{461DE6C6-4945-40CD-A187-4532E996AB90}.Release|ARM.ActiveCfg = Release|Any CPU
		{461DE6C6-4945-40CD-A187-4532E996AB90}.Release|ARM.Build.0 = Release|Any CPU
		{461DE6C6-4945-40CD-A187-4532E996AB90}.Release|ARM.Deploy.0 = Release|Any CPU
		{461DE6C6-4945-40CD-A187-4532E996AB90}.Release|iPhone.ActiveCfg = Release|Any CPU
		{461DE6C6-4945-40CD-A187-4532E996AB90}.Release|iPhone.Build.0 = Release|Any CPU
		{461DE6C6-4945-40CD-A187-4532E996AB90}.Release|iPhone.Deploy.0 = Release|Any CPU
		{461DE6C6-4945-40CD-A187-4532E996AB90}.Release|iPhoneSimulator.ActiveCfg = Release|Any CPU
		{461DE6C6-4945-40CD-A187-4532E996AB90}.Release|iPhoneSimulator.Build.0 = Release|Any CPU
		{461DE6C6-4945-40CD-A187-4532E996AB90}.Release|iPhoneSimulator.Deploy.0 = Release|Any CPU
		{461DE6C6-4945-40CD-A187-4532E996AB90}.Release|x64.ActiveCfg = Release|Any CPU
		{461DE6C6-4945-40CD-A187-4532E996AB90}.Release|x64.Build.0 = Release|Any CPU
		{461DE6C6-4945-40CD-A187-4532E996AB90}.Release|x64.Deploy.0 = Release|Any CPU
		{461DE6C6-4945-40CD-A187-4532E996AB90}.Release|x86.ActiveCfg = Release|Any CPU
		{461DE6C6-4945-40CD-A187-4532E996AB90}.Release|x86.Build.0 = Release|Any CPU
		{461DE6C6-4945-40CD-A187-4532E996AB90}.Release|x86.Deploy.0 = Release|Any CPU
	EndGlobalSection
	GlobalSection(SolutionProperties) = preSolution
		HideSolutionNode = FALSE
	EndGlobalSection
	GlobalSection(ExtensibilityGlobals) = postSolution
		SolutionGuid = {9B83F3D8-77A6-4A11-BFAC-86EADF141B41}
	EndGlobalSection
EndGlobal
